
Microsoft Visual Studio Solution File, Format Version 12.00
# Visual Studio Version 16
VisualStudioVersion = 16.0.30621.155
MinimumVisualStudioVersion = 10.0.40219.1
Project("{8BC9CEB8-8B4A-11D0-8D11-00A0C91BC942}") = "Scramblies", "Scramblies\Scramblies.vcxproj", "{F24D7BE2-F1C4-4215-B613-AC428BD0C844}"
EndProject
Global
	GlobalSection(SolutionConfigurationPlatforms) = preSolution
		Debug|x64 = Debug|x64
		Debug|x86 = Debug|x86
		Release|x64 = Release|x64
		Release|x86 = Release|x86
	EndGlobalSection
	GlobalSection(ProjectConfigurationPlatforms) = postSolution
		{F24D7BE2-F1C4-4215-B613-AC428BD0C844}.Debug|x64.ActiveCfg = Debug|x64
		{F24D7BE2-F1C4-4215-B613-AC428BD0C844}.Debug|x64.Build.0 = Debug|x64
		{F24D7BE2-F1C4-4215-B613-AC428BD0C844}.Debug|x86.ActiveCfg = Debug|Win32
		{F24D7BE2-F1C4-4215-B613-AC428BD0C844}.Debug|x86.Build.0 = Debug|Win32
		{F24D7BE2-F1C4-4215-B613-AC428BD0C844}.Release|x64.ActiveCfg = Release|x64
		{F24D7BE2-F1C4-4215-B613-AC428BD0C844}.Release|x64.Build.0 = Release|x64
		{F24D7BE2-F1C4-4215-B613-AC428BD0C844}.Release|x86.ActiveCfg = Release|Win32
		{F24D7BE2-F1C4-4215-B613-AC428BD0C844}.Release|x86.Build.0 = Release|Win32
	EndGlobalSection
	GlobalSection(SolutionProperties) = preSolution
		HideSolutionNode = FALSE
	EndGlobalSection
	GlobalSection(ExtensibilityGlobals) = postSolution
		SolutionGuid = {97472893-279C-4378-AAFC-C3F3E50311D2}
	EndGlobalSection
EndGlobal
